<Solution>
  <Project Path="IPB2.IncompatibleFood.ConsoleApp/IPB2.IncompatibleFood.ConsoleApp.csproj" Id="1957f2cc-ff5c-40bd-9dd2-d66437d207f5" />
  <Project Path="IPB2.IncompatibleFood.MvcApp/IPB2.IncompatibleFood.MvcApp.csproj" Id="c063abd1-5ce3-44c6-bbe8-dfe764e512be" />
  <Project Path="IPB2.IncompatibleFoodApi.Database/IPB2.IncompatibleFoodApi.Database.csproj" />
  <Project Path="IPB2.IncompatibleFoodApi/IPB2.IncompatibleFoodApi.csproj" />
  <Project Path="IPB2.IncompatibleFoodMinimalApi/IPB2.IncompatibleFoodMinimalApi.csproj" Id="c04ca876-6d34-47ea-9a5b-d0f98686ed2b" />
  <Project Path="PB2.IncompatibleFood.Domain/PB2.IncompatibleFood.Domain.csproj" Id="9ca61511-1dba-40d8-977f-8136f040f927" />
</Solution>
